
Microsoft Visual Studio Solution File, Format Version 12.00
# Visual Studio Version 17
VisualStudioVersion = 17.5.33516.290
MinimumVisualStudioVersion = 10.0.40219.1
Project("{FAE04EC0-301F-11D3-BF4B-00C04F79EFBC}") = "ConsoleApp64", "ConsoleApp64\ConsoleApp64.csproj", "{4EC752BA-31FD-498B-8273-4B698C33F4C6}"
EndProject
Global
	GlobalSection(SolutionConfigurationPlatforms) = preSolution
		Debug|Any CPU = Debug|Any CPU
		Release|Any CPU = Release|Any CPU
	EndGlobalSection
	GlobalSection(ProjectConfigurationPlatforms) = postSolution
		{4EC752BA-31FD-498B-8273-4B698C33F4C6}.Debug|Any CPU.ActiveCfg = Debug|Any CPU
		{4EC752BA-31FD-498B-8273-4B698C33F4C6}.Debug|Any CPU.Build.0 = Debug|Any CPU
		{4EC752BA-31FD-498B-8273-4B698C33F4C6}.Release|Any CPU.ActiveCfg = Release|Any CPU
		{4EC752BA-31FD-498B-8273-4B698C33F4C6}.Release|Any CPU.Build.0 = Release|Any CPU
	EndGlobalSection
	GlobalSection(SolutionProperties) = preSolution
		HideSolutionNode = FALSE
	EndGlobalSection
	GlobalSection(ExtensibilityGlobals) = postSolution
		SolutionGuid = {BAC2F0AB-2A4E-4948-BCC7-3F7ADC0E76F4}
	EndGlobalSection
EndGlobal
